
Microsoft Visual Studio Solution File, Format Version 12.00
# Visual Studio 14
VisualStudioVersion = 14.0.25420.1
MinimumVisualStudioVersion = 10.0.40219.1
Project("{2150E333-8FDC-42A3-9474-1A3956D46DE8}") = "src", "src", "{3CFCE293-4667-47D0-85E9-AC54B1A6AF7C}"
EndProject
Project("{2150E333-8FDC-42A3-9474-1A3956D46DE8}") = "Solution Items", "Solution Items", "{DD57C74D-215C-4C6A-8F9D-6C19CC7289AE}"
	ProjectSection(SolutionItems) = preProject
		global.json = global.json
	EndProjectSection
EndProject
Project("{8BB2217D-0F2D-49D1-97BC-3654ED321F3B}") = "RoslynFail", "src\RoslynFail\RoslynFail.xproj", "{6380ECB5-FF03-4C84-8C7E-4ECA3E2D6A4D}"
EndProject
Global
	GlobalSection(SolutionConfigurationPlatforms) = preSolution
		Debug|Any CPU = Debug|Any CPU
		Release|Any CPU = Release|Any CPU
	EndGlobalSection
	GlobalSection(ProjectConfigurationPlatforms) = postSolution
		{6380ECB5-FF03-4C84-8C7E-4ECA3E2D6A4D}.Debug|Any CPU.ActiveCfg = Debug|Any CPU
		{6380ECB5-FF03-4C84-8C7E-4ECA3E2D6A4D}.Debug|Any CPU.Build.0 = Debug|Any CPU
		{6380ECB5-FF03-4C84-8C7E-4ECA3E2D6A4D}.Release|Any CPU.ActiveCfg = Release|Any CPU
		{6380ECB5-FF03-4C84-8C7E-4ECA3E2D6A4D}.Release|Any CPU.Build.0 = Release|Any CPU
	EndGlobalSection
	GlobalSection(SolutionProperties) = preSolution
		HideSolutionNode = FALSE
	EndGlobalSection
	GlobalSection(NestedProjects) = preSolution
		{6380ECB5-FF03-4C84-8C7E-4ECA3E2D6A4D} = {3CFCE293-4667-47D0-85E9-AC54B1A6AF7C}
	EndGlobalSection
EndGlobal
